
Microsoft Visual Studio Solution File, Format Version 12.00
# Visual Studio Version 16
VisualStudioVersion = 16.0.30114.105
MinimumVisualStudioVersion = 10.0.40219.1
Project("{FAE04EC0-301F-11D3-BF4B-00C04F79EFBC}") = "GitTest", "GitTest\GitTest.csproj", "{9A7DC5DB-509A-427E-8405-6C5792A295B0}"
EndProject
Global
	GlobalSection(SolutionConfigurationPlatforms) = preSolution
		Debug|Any CPU = Debug|Any CPU
		Release|Any CPU = Release|Any CPU
	EndGlobalSection
	GlobalSection(ProjectConfigurationPlatforms) = postSolution
		{9A7DC5DB-509A-427E-8405-6C5792A295B0}.Debug|Any CPU.ActiveCfg = Debug|Any CPU
		{9A7DC5DB-509A-427E-8405-6C5792A295B0}.Debug|Any CPU.Build.0 = Debug|Any CPU
		{9A7DC5DB-509A-427E-8405-6C5792A295B0}.Release|Any CPU.ActiveCfg = Release|Any CPU
		{9A7DC5DB-509A-427E-8405-6C5792A295B0}.Release|Any CPU.Build.0 = Release|Any CPU
	EndGlobalSection
	GlobalSection(SolutionProperties) = preSolution
		HideSolutionNode = FALSE
	EndGlobalSection
	GlobalSection(ExtensibilityGlobals) = postSolution
		SolutionGuid = {C9D99D21-3C27-4110-A0A3-D706FBF302C6}
	EndGlobalSection
EndGlobal
